
Microsoft Visual Studio Solution File, Format Version 12.00
# Visual Studio Version 17
VisualStudioVersion = 17.4.33213.308
MinimumVisualStudioVersion = 10.0.40219.1
Project("{FAE04EC0-301F-11D3-BF4B-00C04F79EFBC}") = "ConsultivoStradaTest4", "ConsultivoStradaTest4\ConsultivoStradaTest4.csproj", "{0A11998A-2D41-47EA-897F-3AC6A77B7FE3}"
EndProject
Project("{2150E333-8FDC-42A3-9474-1A3956D46DE8}") = "DevExtreme NuGet.config", "DevExtreme NuGet.config", "{490B8700-7682-4179-8EBE-6E51C4B80A53}"
	ProjectSection(SolutionItems) = preProject
		NuGet.config = NuGet.config
	EndProjectSection
EndProject
Global
	GlobalSection(SolutionConfigurationPlatforms) = preSolution
		Debug|Any CPU = Debug|Any CPU
		Release|Any CPU = Release|Any CPU
	EndGlobalSection
	GlobalSection(ProjectConfigurationPlatforms) = postSolution
		{0A11998A-2D41-47EA-897F-3AC6A77B7FE3}.Debug|Any CPU.ActiveCfg = Debug|Any CPU
		{0A11998A-2D41-47EA-897F-3AC6A77B7FE3}.Debug|Any CPU.Build.0 = Debug|Any CPU
		{0A11998A-2D41-47EA-897F-3AC6A77B7FE3}.Release|Any CPU.ActiveCfg = Release|Any CPU
		{0A11998A-2D41-47EA-897F-3AC6A77B7FE3}.Release|Any CPU.Build.0 = Release|Any CPU
	EndGlobalSection
	GlobalSection(SolutionProperties) = preSolution
		HideSolutionNode = FALSE
	EndGlobalSection
	GlobalSection(ExtensibilityGlobals) = postSolution
		SolutionGuid = {92EB2FB3-16BC-4B88-B868-AD0BC2433050}
	EndGlobalSection
EndGlobal
